# This file is autogenerated, do not edit; changes may be undone by the next 'dep ensure'.


[[projects]]
  name = "github.com/ajg/form"
  packages = ["."]
  revision = "cc2954064ec9ea8d93917f0f87456e11d7b881ad"
  version = "v1.5"

[[projects]]
  branch = "master"
  name = "github.com/armon/go-metrics"
  packages = ["."]
  revision = "3c58d8115a78a6879e5df75ae900846768d36895"

[[projects]]
  branch = "master"
  name = "github.com/dimfeld/httppath"
  packages = ["."]
  revision = "ee938bf735983d53694d79138ad9820efff94c92"

[[projects]]
  name = "github.com/dimfeld/httptreemux"
  packages = ["."]
  revision = "7f532489e7739b3d49df5c602bf63549881fe753"
  version = "v5.0.1"

[[projects]]
  name = "github.com/goadesign/goa"
  packages = [
    ".",
    "client",
    "cors",
    "design",
    "design/apidsl",
    "dslengine",
    "encoding/form",
    "goagen",
    "goagen/codegen",
    "goagen/gen_app",
    "goagen/gen_client",
    "goagen/gen_controller",
    "goagen/gen_main",
    "goagen/gen_schema",
    "goagen/gen_swagger",
    "goagen/meta",
    "goagen/utils",
    "goatest",
    "middleware",
    "uuid",
    "version"
  ]
  revision = "e01bb31dd9403fa9d40747e1f93345bc96ea675e"
  version = "v1.4.0"

[[projects]]
  branch = "master"
  name = "github.com/hashicorp/go-immutable-radix"
  packages = ["."]
  revision = "7f3cd4390caab3250a57f30efdb2a65dd7649ecf"

[[projects]]
  branch = "master"
  name = "github.com/hashicorp/golang-lru"
  packages = ["simplelru"]
  revision = "0fb14efe8c47ae851c0034ed7a448854d3d34cf3"

[[projects]]
  name = "github.com/inconshreveable/mousetrap"
  packages = ["."]
  revision = "76626ae9c91c4f2a10f34cad8ce83ea42c93bb75"
  version = "v1.0"

[[projects]]
  branch = "master"
  name = "github.com/manveru/faker"
  packages = ["."]
  revision = "9fbc68a78c4dbc7914e1a23f88f126bea4383b97"

[[projects]]
  name = "github.com/satori/go.uuid"
  packages = ["."]
  revision = "master"

[[projects]]
  name = "github.com/spf13/cobra"
  packages = ["."]
  revision = "ef82de70bb3f60c65fb8eebacbb2d122ef517385"
  version = "v0.0.3"

[[projects]]
  name = "github.com/spf13/pflag"
  packages = ["."]
  revision = "9a97c102cda95a86cec2345a6f09f55a939babf5"
  version = "v1.0.2"

[[projects]]
  branch = "master"
  name = "github.com/zach-klippenstein/goregen"
  packages = ["."]
  revision = "795b5e3961ea1912fde60af417ad85e86acc0d6a"

[[projects]]
  branch = "master"
  name = "golang.org/x/net"
  packages = ["websocket"]
  revision = "922f4815f713f213882e8ef45e0d315b164d705c"

[[projects]]
  branch = "master"
  name = "golang.org/x/tools"
  packages = ["go/ast/astutil"]
  revision = "0bd7993ac0faaa363ea801cf51c8a3c140ea586b"

[[projects]]
  name = "gopkg.in/yaml.v2"
  packages = ["."]
  revision = "5420a8b6744d3b0345ab293f6fcba19c978f1183"
  version = "v2.2.1"

[solve-meta]
  analyzer-name = "dep"
  analyzer-version = 1
  inputs-digest = "a217f394f15753074af325476b5a08c9a654b75f2d7eb4c4950eff6d76ddcd3d"
  solver-name = "gps-cdcl"
  solver-version = 1
