# This file is autogenerated, do not edit; changes may be undone by the next 'dep ensure'.


[[projects]]
  digest = "1:2aff5edb9bccd2974090fddb17ca7ab05a3f5c983db567c30c7f0b53404f5783"
  name = "github.com/ajg/form"
  packages = ["."]
  pruneopts = "UT"
  revision = "cc2954064ec9ea8d93917f0f87456e11d7b881ad"
  version = "v1.5"

[[projects]]
  branch = "master"
  digest = "1:ef5b0622d834c139454148b8fd0c92bb314828900532b267ae62da9fec109866"
  name = "github.com/armon/go-metrics"
  packages = ["."]
  pruneopts = "UT"
  revision = "3c58d8115a78a6879e5df75ae900846768d36895"

[[projects]]
  digest = "1:fed1f537c2f1269fe475a8556c393fe466641682d73ef8fd0491cd3aa1e47bad"
  name = "github.com/certifi/gocertifi"
  packages = ["."]
  pruneopts = "UT"
  revision = "deb3ae2ef2610fde3330947281941c562861188b"
  version = "2018.01.18"

[[projects]]
  digest = "1:76dc72490af7174349349838f2fe118996381b31ea83243812a97e5a0fd5ed55"
  name = "github.com/dgrijalva/jwt-go"
  packages = ["."]
  pruneopts = "UT"
  revision = "06ea1031745cb8b3dab3f6a236daf2b0aa468b7e"
  version = "v3.2.0"

[[projects]]
  branch = "master"
  digest = "1:376e5a9fdb57657725ff19b4c510c3f5e1f804ab4ab0ff3064d8f4dc01e40fe2"
  name = "github.com/dimfeld/httppath"
  packages = ["."]
  pruneopts = "UT"
  revision = "ee938bf735983d53694d79138ad9820efff94c92"

[[projects]]
  digest = "1:8d983343581370768675191a8695f52d663f50a9234c571128f3d146314892cf"
  name = "github.com/dimfeld/httptreemux"
  packages = ["."]
  pruneopts = "UT"
  revision = "7f532489e7739b3d49df5c602bf63549881fe753"
  version = "v5.0.1"

[[projects]]
  digest = "1:25889b062fa78bfd05d9c9eb3a4d0fc23cc11d2ba7cf40b5e96eb3498dd1d891"
  name = "github.com/evalphobia/logrus_sentry"
  packages = ["."]
  pruneopts = "UT"
  revision = "b78b27461c8163c45abf4ab3a8330d2b1ee9456a"
  version = "v0.4.6"

[[projects]]
  digest = "1:ead214410530786ae65fadb6a59c16554e7d00529b9a8dc5c266975aed198e5b"
  name = "github.com/fabric8-services/fabric8-common"
  packages = [
    "configuration",
    "errors",
    "goamiddleware",
    "httpsupport",
    "log",
    "token",
    "token/jwk",
    "token/tokencontext",
  ]
  pruneopts = "UT"
  revision = "master"

[[projects]]
  digest = "1:abeb38ade3f32a92943e5be54f55ed6d6e3b6602761d74b4aab4c9dd45c18abd"
  name = "github.com/fsnotify/fsnotify"
  packages = ["."]
  pruneopts = "UT"
  revision = "c2828203cd70a50dcccfb2761f8b1f8ceef9a8e9"
  version = "v1.4.7"

[[projects]]
  branch = "master"
  digest = "1:64ef2c2f0f508690f06c1b009e1e3103441ce60c2db0323ff94d8d1c560ec10b"
  name = "github.com/getsentry/raven-go"
  packages = ["."]
  pruneopts = "UT"
  revision = "084a9de9eb0361fbd5ded14b55c84e5493a5d7f6"

[[projects]]
  digest = "1:1c7203785e38eff4940d92a410647e3ef3fa7d99d54c155d10c10f0d463fb139"
  name = "github.com/goadesign/goa"
  packages = [
    ".",
    "client",
    "cors",
    "design",
    "design/apidsl",
    "dslengine",
    "encoding/form",
    "goagen",
    "goagen/codegen",
    "goagen/gen_app",
    "goagen/gen_client",
    "goagen/gen_controller",
    "goagen/gen_main",
    "goagen/gen_schema",
    "goagen/gen_swagger",
    "goagen/meta",
    "goagen/utils",
    "goatest",
    "middleware",
    "middleware/security/jwt",
    "uuid",
    "version",
  ]
  pruneopts = "UT"
  revision = "5646a430cdeb66983d5ace3384e0a667c185abc7"
  version = "v1.3.0"

[[projects]]
  digest = "1:70088cd4a61c745fd77686978c41d868a85e12bb85d83692b4c15512f493c2ca"
  name = "github.com/google/go-github"
  packages = ["github"]
  pruneopts = "UT"
  revision = "c3e9de61cf0678e682ea2b98cf1301ae3a814bc8"
  version = "v18.1.0"

[[projects]]
  branch = "master"
  digest = "1:a63cff6b5d8b95638bfe300385d93b2a6d9d687734b863da8e09dc834510a690"
  name = "github.com/google/go-querystring"
  packages = ["query"]
  pruneopts = "UT"
  revision = "53e6ce116135b80d037921a7fdd5138cf32d7a8a"

[[projects]]
  digest = "1:2be5a35f0c5b35162c41bb24971e5dcf6ce825403296ee435429cdcc4e1e847e"
  name = "github.com/hashicorp/go-immutable-radix"
  packages = ["."]
  pruneopts = "UT"
  revision = "27df80928bb34bb1b0d6d0e01b9e679902e7a6b5"
  version = "v1.0.0"

[[projects]]
  digest = "1:67474f760e9ac3799f740db2c489e6423a4cde45520673ec123ac831ad849cb8"
  name = "github.com/hashicorp/golang-lru"
  packages = ["simplelru"]
  pruneopts = "UT"
  revision = "20f1fb78b0740ba8c3cb143a61e86ba5c8669768"
  version = "v0.5.0"

[[projects]]
  digest = "1:c0d19ab64b32ce9fe5cf4ddceba78d5bc9807f0016db6b1183599da3dcc24d10"
  name = "github.com/hashicorp/hcl"
  packages = [
    ".",
    "hcl/ast",
    "hcl/parser",
    "hcl/printer",
    "hcl/scanner",
    "hcl/strconv",
    "hcl/token",
    "json/parser",
    "json/scanner",
    "json/token",
  ]
  pruneopts = "UT"
  revision = "8cb6e5b959231cc1119e43259c4a608f9c51a241"
  version = "v1.0.0"

[[projects]]
  digest = "1:a1038ef593beb4771c8f0f9c26e8b00410acd800af5c6864651d9bf160ea1813"
  name = "github.com/hpcloud/tail"
  packages = [
    ".",
    "ratelimiter",
    "util",
    "watch",
    "winfile",
  ]
  pruneopts = "UT"
  revision = "a30252cb686a21eb2d0b98132633053ec2f7f1e5"
  version = "v1.0.0"

[[projects]]
  digest = "1:870d441fe217b8e689d7949fef6e43efbc787e50f200cb1e70dbca9204a1d6be"
  name = "github.com/inconshreveable/mousetrap"
  packages = ["."]
  pruneopts = "UT"
  revision = "76626ae9c91c4f2a10f34cad8ce83ea42c93bb75"
  version = "v1.0"

[[projects]]
  digest = "1:c568d7727aa262c32bdf8a3f7db83614f7af0ed661474b24588de635c20024c7"
  name = "github.com/magiconair/properties"
  packages = ["."]
  pruneopts = "UT"
  revision = "c2353362d570a7bfa228149c62842019201cfb71"
  version = "v1.8.0"

[[projects]]
  branch = "master"
  digest = "1:393f23e872c9141dbe315c428dc3eac9406f029be7ab0e1cae2374486c07aa54"
  name = "github.com/manveru/faker"
  packages = ["."]
  pruneopts = "UT"
  revision = "9fbc68a78c4dbc7914e1a23f88f126bea4383b97"

[[projects]]
  digest = "1:53bc4cd4914cd7cd52139990d5170d6dc99067ae31c56530621b18b35fc30318"
  name = "github.com/mitchellh/mapstructure"
  packages = ["."]
  pruneopts = "UT"
  revision = "3536a929edddb9a5b34bd6861dc4a9647cb459fe"
  version = "v1.1.2"

[[projects]]
  digest = "1:42e29deef12327a69123b9cb2cb45fee4af5c12c2a23c6e477338279a052703f"
  name = "github.com/onsi/ginkgo"
  packages = [
    ".",
    "config",
    "internal/codelocation",
    "internal/containernode",
    "internal/failer",
    "internal/leafnodes",
    "internal/remote",
    "internal/spec",
    "internal/spec_iterator",
    "internal/specrunner",
    "internal/suite",
    "internal/testingtproxy",
    "internal/writer",
    "reporters",
    "reporters/stenographer",
    "reporters/stenographer/support/go-colorable",
    "reporters/stenographer/support/go-isatty",
    "types",
  ]
  pruneopts = "UT"
  revision = "3774a09d95489ccaa16032e0770d08ea77ba6184"
  version = "v1.6.0"

[[projects]]
  digest = "1:ab54eea8d482272009e9e4af07d4d9b5236c27b4d8c54a3f2c99d163be883eca"
  name = "github.com/onsi/gomega"
  packages = [
    ".",
    "format",
    "internal/assertion",
    "internal/asyncassertion",
    "internal/oraclematcher",
    "internal/testingtsupport",
    "matchers",
    "matchers/support/goraph/bipartitegraph",
    "matchers/support/goraph/edge",
    "matchers/support/goraph/node",
    "matchers/support/goraph/util",
    "types",
  ]
  pruneopts = "UT"
  revision = "7615b9433f86a8bdf29709bf288bc4fd0636a369"
  version = "v1.4.2"

[[projects]]
  digest = "1:95741de3af260a92cc5c7f3f3061e85273f5a81b5db20d4bd68da74bd521675e"
  name = "github.com/pelletier/go-toml"
  packages = ["."]
  pruneopts = "UT"
  revision = "c01d1270ff3e442a8a57cddc1c92dc1138598194"
  version = "v1.2.0"

[[projects]]
  digest = "1:40e195917a951a8bf867cd05de2a46aaf1806c50cf92eebf4c16f78cd196f747"
  name = "github.com/pkg/errors"
  packages = ["."]
  pruneopts = "UT"
  revision = "645ef00459ed84a119197bfb8d8205042c6df63d"
  version = "v0.8.0"

[[projects]]
  digest = "1:274f67cb6fed9588ea2521ecdac05a6d62a8c51c074c1fccc6a49a40ba80e925"
  name = "github.com/satori/go.uuid"
  packages = ["."]
  pruneopts = "UT"
  revision = "f58768cc1a7a7e77a3bd49e98cdd21419399b6a3"
  version = "v1.2.0"

[[projects]]
  digest = "1:8011d6367a04c40f1a9f50274e5e22b1cd5c05104d87cd8cf21d5a56c0cc3bd8"
  name = "github.com/sirupsen/logrus"
  packages = ["."]
  pruneopts = "UT"
  revision = "ba1b36c82c5e05c4f912a88eab0dcd91a171688f"
  version = "v0.11.5"

[[projects]]
  digest = "1:6a4a11ba764a56d2758899ec6f3848d24698d48442ebce85ee7a3f63284526cd"
  name = "github.com/spf13/afero"
  packages = [
    ".",
    "mem",
  ]
  pruneopts = "UT"
  revision = "d40851caa0d747393da1ffb28f7f9d8b4eeffebd"
  version = "v1.1.2"

[[projects]]
  digest = "1:516e71bed754268937f57d4ecb190e01958452336fa73dbac880894164e91c1f"
  name = "github.com/spf13/cast"
  packages = ["."]
  pruneopts = "UT"
  revision = "8965335b8c7107321228e3e3702cab9832751bac"
  version = "v1.2.0"

[[projects]]
  digest = "1:645cabccbb4fa8aab25a956cbcbdf6a6845ca736b2c64e197ca7cbb9d210b939"
  name = "github.com/spf13/cobra"
  packages = ["."]
  pruneopts = "UT"
  revision = "ef82de70bb3f60c65fb8eebacbb2d122ef517385"
  version = "v0.0.3"

[[projects]]
  digest = "1:68ea4e23713989dc20b1bded5d9da2c5f9be14ff9885beef481848edd18c26cb"
  name = "github.com/spf13/jwalterweatherman"
  packages = ["."]
  pruneopts = "UT"
  revision = "4a4406e478ca629068e7768fc33f3f044173c0a6"
  version = "v1.0.0"

[[projects]]
  digest = "1:dab83a1bbc7ad3d7a6ba1a1cc1760f25ac38cdf7d96a5cdd55cd915a4f5ceaf9"
  name = "github.com/spf13/pflag"
  packages = ["."]
  pruneopts = "UT"
  revision = "9a97c102cda95a86cec2345a6f09f55a939babf5"
  version = "v1.0.2"

[[projects]]
  digest = "1:214775c11fd26da94a100111a62daa25339198a4f9c57cb4aab352da889f5b93"
  name = "github.com/spf13/viper"
  packages = ["."]
  pruneopts = "UT"
  revision = "2c12c60302a5a0e62ee102ca9bc996277c2f64f5"
  version = "v1.2.1"

[[projects]]
  branch = "master"
  digest = "1:6f7f5a5452e6dc8b0665b0fd2b779c3c6b7e70a121e0661aeb03daef7baae58d"
  name = "github.com/zach-klippenstein/goregen"
  packages = ["."]
  pruneopts = "UT"
  revision = "795b5e3961ea1912fde60af417ad85e86acc0d6a"

[[projects]]
  branch = "master"
  digest = "1:b8fa1ff0fc20983395978b3f771bb10438accbfe19326b02e236c1d4bf1c91b2"
  name = "golang.org/x/crypto"
  packages = [
    "ed25519",
    "ed25519/internal/edwards25519",
    "pbkdf2",
  ]
  pruneopts = "UT"
  revision = "0e37d006457bf46f9e6692014ba72ef82c33022c"

[[projects]]
  branch = "master"
  digest = "1:e8120270b9a10b4f0722f208268328809968edae68912f3d8f66c205288f5736"
  name = "golang.org/x/net"
  packages = [
    "html",
    "html/atom",
    "html/charset",
    "websocket",
  ]
  pruneopts = "UT"
  revision = "26e67e76b6c3f6ce91f7c52def5af501b4e0f3a2"

[[projects]]
  branch = "master"
  digest = "1:6eb2645d74b43d9c87b51947df39f7c668a4f422cd512053f7f6f75bfaad0197"
  name = "golang.org/x/sys"
  packages = ["unix"]
  pruneopts = "UT"
  revision = "d0be0721c37eeb5299f245a996a483160fc36940"

[[projects]]
  digest = "1:4392fcf42d5cf0e3ff78c96b2acf8223d49e4fdc53eb77c99d2f8dfe4680e006"
  name = "golang.org/x/text"
  packages = [
    "encoding",
    "encoding/charmap",
    "encoding/htmlindex",
    "encoding/internal",
    "encoding/internal/identifier",
    "encoding/japanese",
    "encoding/korean",
    "encoding/simplifiedchinese",
    "encoding/traditionalchinese",
    "encoding/unicode",
    "internal/gen",
    "internal/tag",
    "internal/triegen",
    "internal/ucd",
    "internal/utf8internal",
    "language",
    "runes",
    "transform",
    "unicode/cldr",
    "unicode/norm",
  ]
  pruneopts = "UT"
  revision = "f21a4dfb5e38f5895301dc265a8def02365cc3d0"
  version = "v0.3.0"

[[projects]]
  branch = "master"
  digest = "1:b179fdebc34548df954150205325afd573927b02ed417ce34fea73d519315718"
  name = "golang.org/x/tools"
  packages = ["go/ast/astutil"]
  pruneopts = "UT"
  revision = "677d2ff680c188ddb7dcd2bfa6bc7d3f2f2f75b2"

[[projects]]
  digest = "1:abeb38ade3f32a92943e5be54f55ed6d6e3b6602761d74b4aab4c9dd45c18abd"
  name = "gopkg.in/fsnotify.v1"
  packages = ["."]
  pruneopts = "UT"
  revision = "c2828203cd70a50dcccfb2761f8b1f8ceef9a8e9"
  source = "https://github.com/fsnotify/fsnotify.git"
  version = "v1.4.7"

[[projects]]
  digest = "1:3575a8d7c78eb470712b298b2eb42b8ac028c79527e74c865da360f35d1fed7f"
  name = "gopkg.in/h2non/gock.v1"
  packages = ["."]
  pruneopts = "UT"
  revision = "db9916111f9d238f7fe98f34dfde20f11142475b"
  version = "v1.0.10"

[[projects]]
  digest = "1:26a278a34e30cc8fbd09d5f7474488ac4cbad325c2b592b30e76e5d7d2fc1f10"
  name = "gopkg.in/square/go-jose.v2"
  packages = [
    ".",
    "cipher",
    "json",
  ]
  pruneopts = "UT"
  revision = "ef984e69dd356202fd4e4910d4d9c24468bdf0b8"
  version = "v2.1.9"

[[projects]]
  branch = "v1"
  digest = "1:0caa92e17bc0b65a98c63e5bc76a9e844cd5e56493f8fdbb28fad101a16254d9"
  name = "gopkg.in/tomb.v1"
  packages = ["."]
  pruneopts = "UT"
  revision = "dd632973f1e7218eb1089048e0798ec9ae7dceb8"

[[projects]]
  digest = "1:342378ac4dcb378a5448dd723f0784ae519383532f5e70ade24132c4c8693202"
  name = "gopkg.in/yaml.v2"
  packages = ["."]
  pruneopts = "UT"
  revision = "5420a8b6744d3b0345ab293f6fcba19c978f1183"
  version = "v2.2.1"

[solve-meta]
  analyzer-name = "dep"
  analyzer-version = 1
  input-imports = [
    "github.com/evalphobia/logrus_sentry",
    "github.com/fabric8-services/fabric8-common/goamiddleware",
    "github.com/fabric8-services/fabric8-common/token",
    "github.com/goadesign/goa",
    "github.com/goadesign/goa/cors",
    "github.com/goadesign/goa/design",
    "github.com/goadesign/goa/design/apidsl",
    "github.com/goadesign/goa/encoding/form",
    "github.com/goadesign/goa/goagen",
    "github.com/goadesign/goa/goagen/codegen",
    "github.com/goadesign/goa/goagen/gen_app",
    "github.com/goadesign/goa/goagen/gen_client",
    "github.com/goadesign/goa/goagen/gen_controller",
    "github.com/goadesign/goa/goagen/gen_swagger",
    "github.com/goadesign/goa/goagen/utils",
    "github.com/goadesign/goa/goatest",
    "github.com/goadesign/goa/middleware",
    "github.com/goadesign/goa/middleware/security/jwt",
    "github.com/google/go-github/github",
    "github.com/onsi/ginkgo",
    "github.com/onsi/gomega",
    "github.com/sirupsen/logrus",
    "gopkg.in/h2non/gock.v1",
  ]
  solver-name = "gps-cdcl"
  solver-version = 1
